
Microsoft Visual Studio Solution File, Format Version 12.00
# Visual Studio Version 16
VisualStudioVersion = 16.0.31702.278
MinimumVisualStudioVersion = 10.0.40219.1
Project("{9A19103F-16F7-4668-BE54-9A1E7A4F7556}") = "Grundlagen", "Grundlagen\Grundlagen.csproj", "{76C8D18B-20DF-422E-A471-C85D852A8377}"
EndProject
Project("{FAE04EC0-301F-11D3-BF4B-00C04F79EFBC}") = "FirstWebApp", "FirstWebApp\FirstWebApp.csproj", "{C66C2E82-9CAE-426D-B379-4EABA07E6A19}"
EndProject
Global
	GlobalSection(SolutionConfigurationPlatforms) = preSolution
		Debug|Any CPU = Debug|Any CPU
		Release|Any CPU = Release|Any CPU
	EndGlobalSection
	GlobalSection(ProjectConfigurationPlatforms) = postSolution
		{76C8D18B-20DF-422E-A471-C85D852A8377}.Debug|Any CPU.ActiveCfg = Debug|Any CPU
		{76C8D18B-20DF-422E-A471-C85D852A8377}.Debug|Any CPU.Build.0 = Debug|Any CPU
		{76C8D18B-20DF-422E-A471-C85D852A8377}.Release|Any CPU.ActiveCfg = Release|Any CPU
		{76C8D18B-20DF-422E-A471-C85D852A8377}.Release|Any CPU.Build.0 = Release|Any CPU
		{C66C2E82-9CAE-426D-B379-4EABA07E6A19}.Debug|Any CPU.ActiveCfg = Debug|Any CPU
		{C66C2E82-9CAE-426D-B379-4EABA07E6A19}.Debug|Any CPU.Build.0 = Debug|Any CPU
		{C66C2E82-9CAE-426D-B379-4EABA07E6A19}.Release|Any CPU.ActiveCfg = Release|Any CPU
		{C66C2E82-9CAE-426D-B379-4EABA07E6A19}.Release|Any CPU.Build.0 = Release|Any CPU
	EndGlobalSection
	GlobalSection(SolutionProperties) = preSolution
		HideSolutionNode = FALSE
	EndGlobalSection
	GlobalSection(ExtensibilityGlobals) = postSolution
		SolutionGuid = {551C50E0-C137-463C-9EED-AD6B3E67FB57}
	EndGlobalSection
EndGlobal
